
Microsoft Visual Studio Solution File, Format Version 12.00
# Visual Studio Version 17
VisualStudioVersion = 17.14.36310.24 d17.14
MinimumVisualStudioVersion = 10.0.40219.1
Project("{F2A71F9B-5D33-465A-A702-920D77279786}") = "ConsoleApp8", "ConsoleApp8\ConsoleApp8.fsproj", "{CC4FB080-8318-4C8A-B20D-11AE981A525C}"
EndProject
Global
	GlobalSection(SolutionConfigurationPlatforms) = preSolution
		Debug|Any CPU = Debug|Any CPU
		Release|Any CPU = Release|Any CPU
	EndGlobalSection
	GlobalSection(ProjectConfigurationPlatforms) = postSolution
		{CC4FB080-8318-4C8A-B20D-11AE981A525C}.Debug|Any CPU.ActiveCfg = Debug|Any CPU
		{CC4FB080-8318-4C8A-B20D-11AE981A525C}.Debug|Any CPU.Build.0 = Debug|Any CPU
		{CC4FB080-8318-4C8A-B20D-11AE981A525C}.Release|Any CPU.ActiveCfg = Release|Any CPU
		{CC4FB080-8318-4C8A-B20D-11AE981A525C}.Release|Any CPU.Build.0 = Release|Any CPU
	EndGlobalSection
	GlobalSection(SolutionProperties) = preSolution
		HideSolutionNode = FALSE
	EndGlobalSection
	GlobalSection(ExtensibilityGlobals) = postSolution
		SolutionGuid = {40EE72A7-6902-4F15-ABD3-ED916691184F}
	EndGlobalSection
EndGlobal
